// !$*UTF8*$!
{
	archiveVersion = 1;
	classes = {
	};
	objectVersion = 48;
	objects = {

/* Begin PBXBuildFile section */
		06B65EA920BA682300FC3049 /* MemeCollectionViewCell.swift in Sources */ = {isa = PBXBuildFile; fileRef = 06B65EA820BA682300FC3049 /* MemeCollectionViewCell.swift */; };
		06B65EAB20BB145D00FC3049 /* MemeTableViewCell.swift in Sources */ = {isa = PBXBuildFile; fileRef = 06B65EAA20BB145D00FC3049 /* MemeTableViewCell.swift */; };
		06B65EAD20BB969100FC3049 /* MemeDetailViewController.swift in Sources */ = {isa = PBXBuildFile; fileRef = 06B65EAC20BB969100FC3049 /* MemeDetailViewController.swift */; };
		06E64EED2086CAD200644EB7 /* SentMemeTableViewController.swift in Sources */ = {isa = PBXBuildFile; fileRef = 06E64EEC2086CAD200644EB7 /* SentMemeTableViewController.swift */; };
		06E64EEF2086CAFE00644EB7 /* SentMemeCollectionViewController.swift in Sources */ = {isa = PBXBuildFile; fileRef = 06E64EEE2086CAFE00644EB7 /* SentMemeCollectionViewController.swift */; };
		FC0A7E3B1ADAD017009BD640 /* MemeEditorViewController.swift in Sources */ = {isa = PBXBuildFile; fileRef = FC0A7E3A1ADAD017009BD640 /* MemeEditorViewController.swift */; };
		FCC247321AE742E10029C6FB /* Meme.swift in Sources */ = {isa = PBXBuildFile; fileRef = FCC247311AE742E10029C6FB /* Meme.swift */; };
		FCE4FAA31ACBA30700F5A955 /* AppDelegate.swift in Sources */ = {isa = PBXBuildFile; fileRef = FCE4FAA21ACBA30700F5A955 /* AppDelegate.swift */; };
		FCE4FAA81ACBA30700F5A955 /* Main.storyboard in Resources */ = {isa = PBXBuildFile; fileRef = FCE4FAA61ACBA30700F5A955 /* Main.storyboard */; };
		FCE4FAAA1ACBA30800F5A955 /* Images.xcassets in Resources */ = {isa = PBXBuildFile; fileRef = FCE4FAA91ACBA30800F5A955 /* Images.xcassets */; };
		FCE4FAAD1ACBA30800F5A955 /* LaunchScreen.xib in Resources */ = {isa = PBXBuildFile; fileRef = FCE4FAAB1ACBA30800F5A955 /* LaunchScreen.xib */; };
		FCE4FAB91ACBA30800F5A955 /* MemeMeTests.swift in Sources */ = {isa = PBXBuildFile; fileRef = FCE4FAB81ACBA30800F5A955 /* MemeMeTests.swift */; };
/* End PBXBuildFile section */

/* Begin PBXContainerItemProxy section */
		FCE4FAB31ACBA30800F5A955 /* PBXContainerItemProxy */ = {
			isa = PBXContainerItemProxy;
			containerPortal = FCE4FA951ACBA30700F5A955 /* Project object */;
			proxyType = 1;
			remoteGlobalIDString = FCE4FA9C1ACBA30700F5A955;
			remoteInfo = MemeMe;
		};
/* End PBXContainerItemProxy section */

/* Begin PBXFileReference section */
		06B65EA820BA682300FC3049 /* MemeCollectionViewCell.swift */ = {isa = PBXFileReference; lastKnownFileType = sourcecode.swift; path = MemeCollectionViewCell.swift; sourceTree = "<group>"; };
		06B65EAA20BB145D00FC3049 /* MemeTableViewCell.swift */ = {isa = PBXFileReference; lastKnownFileType = sourcecode.swift; path = MemeTableViewCell.swift; sourceTree = "<group>"; };
		06B65EAC20BB969100FC3049 /* MemeDetailViewController.swift */ = {isa = PBXFileReference; lastKnownFileType = sourcecode.swift; path = MemeDetailViewController.swift; sourceTree = "<group>"; };
		06E64EEC2086CAD200644EB7 /* SentMemeTableViewController.swift */ = {isa = PBXFileReference; lastKnownFileType = sourcecode.swift; path = SentMemeTableViewController.swift; sourceTree = "<group>"; };
		06E64EEE2086CAFE00644EB7 /* SentMemeCollectionViewController.swift */ = {isa = PBXFileReference; lastKnownFileType = sourcecode.swift; path = SentMemeCollectionViewController.swift; sourceTree = "<group>"; };
		FC0A7E3A1ADAD017009BD640 /* MemeEditorViewController.swift */ = {isa = PBXFileReference; fileEncoding = 4; lastKnownFileType = sourcecode.swift; path = MemeEditorViewController.swift; sourceTree = "<group>"; };
		FCC247311AE742E10029C6FB /* Meme.swift */ = {isa = PBXFileReference; fileEncoding = 4; lastKnownFileType = sourcecode.swift; path = Meme.swift; sourceTree = "<group>"; };
		FCE4FA9D1ACBA30700F5A955 /* MemeMe.app */ = {isa = PBXFileReference; explicitFileType = wrapper.application; includeInIndex = 0; path = MemeMe.app; sourceTree = BUILT_PRODUCTS_DIR; };
		FCE4FAA11ACBA30700F5A955 /* Info.plist */ = {isa = PBXFileReference; lastKnownFileType = text.plist.xml; path = Info.plist; sourceTree = "<group>"; };
		FCE4FAA21ACBA30700F5A955 /* AppDelegate.swift */ = {isa = PBXFileReference; lastKnownFileType = sourcecode.swift; path = AppDelegate.swift; sourceTree = "<group>"; };
		FCE4FAA71ACBA30700F5A955 /* Base */ = {isa = PBXFileReference; lastKnownFileType = file.storyboard; name = Base; path = Base.lproj/Main.storyboard; sourceTree = "<group>"; };
		FCE4FAA91ACBA30800F5A955 /* Images.xcassets */ = {isa = PBXFileReference; lastKnownFileType = folder.assetcatalog; path = Images.xcassets; sourceTree = "<group>"; };
		FCE4FAAC1ACBA30800F5A955 /* Base */ = {isa = PBXFileReference; lastKnownFileType = file.xib; name = Base; path = Base.lproj/LaunchScreen.xib; sourceTree = "<group>"; };
		FCE4FAB21ACBA30800F5A955 /* MemeMeTests.xctest */ = {isa = PBXFileReference; explicitFileType = wrapper.cfbundle; includeInIndex = 0; path = MemeMeTests.xctest; sourceTree = BUILT_PRODUCTS_DIR; };
		FCE4FAB71ACBA30800F5A955 /* Info.plist */ = {isa = PBXFileReference; lastKnownFileType = text.plist.xml; path = Info.plist; sourceTree = "<group>"; };
		FCE4FAB81ACBA30800F5A955 /* MemeMeTests.swift */ = {isa = PBXFileReference; lastKnownFileType = sourcecode.swift; path = MemeMeTests.swift; sourceTree = "<group>"; };
/* End PBXFileReference section */

/* Begin PBXFrameworksBuildPhase section */
		FCE4FA9A1ACBA30700F5A955 /* Frameworks */ = {
			isa = PBXFrameworksBuildPhase;
			buildActionMask = 2147483647;
			files = (
			);
			runOnlyForDeploymentPostprocessing = 0;
		};
		FCE4FAAF1ACBA30800F5A955 /* Frameworks */ = {
			isa = PBXFrameworksBuildPhase;
			buildActionMask = 2147483647;
			files = (
			);
			runOnlyForDeploymentPostprocessing = 0;
		};
/* End PBXFrameworksBuildPhase section */

/* Begin PBXGroup section */
		FCE4FA941ACBA30700F5A955 = {
			isa = PBXGroup;
			children = (
				FCE4FA9F1ACBA30700F5A955 /* MemeMe */,
				FCE4FAB51ACBA30800F5A955 /* MemeMeTests */,
				FCE4FA9E1ACBA30700F5A955 /* Products */,
			);
			sourceTree = "<group>";
		};
		FCE4FA9E1ACBA30700F5A955 /* Products */ = {
			isa = PBXGroup;
			children = (
				FCE4FA9D1ACBA30700F5A955 /* MemeMe.app */,
				FCE4FAB21ACBA30800F5A955 /* MemeMeTests.xctest */,
			);
			name = Products;
			sourceTree = "<group>";
		};
		FCE4FA9F1ACBA30700F5A955 /* MemeMe */ = {
			isa = PBXGroup;
			children = (
				FCE4FAA21ACBA30700F5A955 /* AppDelegate.swift */,
				FCE4FAA61ACBA30700F5A955 /* Main.storyboard */,
				06B65EAC20BB969100FC3049 /* MemeDetailViewController.swift */,
				06E64EEC2086CAD200644EB7 /* SentMemeTableViewController.swift */,
				06E64EEE2086CAFE00644EB7 /* SentMemeCollectionViewController.swift */,
				FC0A7E3A1ADAD017009BD640 /* MemeEditorViewController.swift */,
				FCC247311AE742E10029C6FB /* Meme.swift */,
				06B65EAA20BB145D00FC3049 /* MemeTableViewCell.swift */,
				06B65EA820BA682300FC3049 /* MemeCollectionViewCell.swift */,
				FCE4FAA91ACBA30800F5A955 /* Images.xcassets */,
				FCE4FAAB1ACBA30800F5A955 /* LaunchScreen.xib */,
				FCE4FAA01ACBA30700F5A955 /* Supporting Files */,
			);
			path = MemeMe;
			sourceTree = "<group>";
		};
		FCE4FAA01ACBA30700F5A955 /* Supporting Files */ = {
			isa = PBXGroup;
			children = (
				FCE4FAA11ACBA30700F5A955 /* Info.plist */,
			);
			name = "Supporting Files";
			sourceTree = "<group>";
		};
		FCE4FAB51ACBA30800F5A955 /* MemeMeTests */ = {
			isa = PBXGroup;
			children = (
				FCE4FAB81ACBA30800F5A955 /* MemeMeTests.swift */,
				FCE4FAB61ACBA30800F5A955 /* Supporting Files */,
			);
			path = MemeMeTests;
			sourceTree = "<group>";
		};
		FCE4FAB61ACBA30800F5A955 /* Supporting Files */ = {
			isa = PBXGroup;
			children = (
				FCE4FAB71ACBA30800F5A955 /* Info.plist */,
			);
			name = "Supporting Files";
			sourceTree = "<group>";
		};
/* End PBXGroup section */

/* Begin PBXNativeTarget section */
		FCE4FA9C1ACBA30700F5A955 /* MemeMe */ = {
			isa = PBXNativeTarget;
			buildConfigurationList = FCE4FABC1ACBA30800F5A955 /* Build configuration list for PBXNativeTarget "MemeMe" */;
			buildPhases = (
				FCE4FA991ACBA30700F5A955 /* Sources */,
				FCE4FA9A1ACBA30700F5A955 /* Frameworks */,
				FCE4FA9B1ACBA30700F5A955 /* Resources */,
			);
			buildRules = (
			);
			dependencies = (
			);
			name = MemeMe;
			productName = MemeMe;
			productReference = FCE4FA9D1ACBA30700F5A955 /* MemeMe.app */;
			productType = "com.apple.product-type.application";
		};
		FCE4FAB11ACBA30800F5A955 /* MemeMeTests */ = {
			isa = PBXNativeTarget;
			buildConfigurationList = FCE4FABF1ACBA30800F5A955 /* Build configuration list for PBXNativeTarget "MemeMeTests" */;
			buildPhases = (
				FCE4FAAE1ACBA30800F5A955 /* Sources */,
				FCE4FAAF1ACBA30800F5A955 /* Frameworks */,
				FCE4FAB01ACBA30800F5A955 /* Resources */,
			);
			buildRules = (
			);
			dependencies = (
				FCE4FAB41ACBA30800F5A955 /* PBXTargetDependency */,
			);
			name = MemeMeTests;
			productName = MemeMeTests;
			productReference = FCE4FAB21ACBA30800F5A955 /* MemeMeTests.xctest */;
			productType = "com.apple.product-type.bundle.unit-test";
		};
/* End PBXNativeTarget section */

/* Begin PBXProject section */
		FCE4FA951ACBA30700F5A955 /* Project object */ = {
			isa = PBXProject;
			attributes = {
				LastSwiftUpdateCheck = 0730;
				LastUpgradeCheck = 0930;
				ORGANIZATIONNAME = "David Mulvihill";
				TargetAttributes = {
					FCE4FA9C1ACBA30700F5A955 = {
						CreatedOnToolsVersion = 6.2;
						DevelopmentTeam = 65L2JC7AXT;
						LastSwiftMigration = 0910;
					};
					FCE4FAB11ACBA30800F5A955 = {
						CreatedOnToolsVersion = 6.2;
						LastSwiftMigration = 0910;
						TestTargetID = FCE4FA9C1ACBA30700F5A955;
					};
				};
			};
			buildConfigurationList = FCE4FA981ACBA30700F5A955 /* Build configuration list for PBXProject "MemeMe" */;
			compatibilityVersion = "Xcode 8.0";
			developmentRegion = English;
			hasScannedForEncodings = 0;
			knownRegions = (
				en,
				Base,
			);
			mainGroup = FCE4FA941ACBA30700F5A955;
			productRefGroup = FCE4FA9E1ACBA30700F5A955 /* Products */;
			projectDirPath = "";
			projectRoot = "";
			targets = (
				FCE4FA9C1ACBA30700F5A955 /* MemeMe */,
				FCE4FAB11ACBA30800F5A955 /* MemeMeTests */,
			);
		};
/* End PBXProject section */

/* Begin PBXResourcesBuildPhase section */
		FCE4FA9B1ACBA30700F5A955 /* Resources */ = {
			isa = PBXResourcesBuildPhase;
			buildActionMask = 2147483647;
			files = (
				FCE4FAA81ACBA30700F5A955 /* Main.storyboard in Resources */,
				FCE4FAAD1ACBA30800F5A955 /* LaunchScreen.xib in Resources */,
				FCE4FAAA1ACBA30800F5A955 /* Images.xcassets in Resources */,
			);
			runOnlyForDeploymentPostprocessing = 0;
		};
		FCE4FAB01ACBA30800F5A955 /* Resources */ = {
			isa = PBXResourcesBuildPhase;
			buildActionMask = 2147483647;
			files = (
			);
			runOnlyForDeploymentPostprocessing = 0;
		};
/* End PBXResourcesBuildPhase section */

/* Begin PBXSourcesBuildPhase section */
		FCE4FA991ACBA30700F5A955 /* Sources */ = {
			isa = PBXSourcesBuildPhase;
			buildActionMask = 2147483647;
			files = (
				06B65EA920BA682300FC3049 /* MemeCollectionViewCell.swift in Sources */,
				FC0A7E3B1ADAD017009BD640 /* MemeEditorViewController.swift in Sources */,
				06E64EEF2086CAFE00644EB7 /* SentMemeCollectionViewController.swift in Sources */,
				FCC247321AE742E10029C6FB /* Meme.swift in Sources */,
				06B65EAB20BB145D00FC3049 /* MemeTableViewCell.swift in Sources */,
				FCE4FAA31ACBA30700F5A955 /* AppDelegate.swift in Sources */,
				06E64EED2086CAD200644EB7 /* SentMemeTableViewController.swift in Sources */,
				06B65EAD20BB969100FC3049 /* MemeDetailViewController.swift in Sources */,
			);
			runOnlyForDeploymentPostprocessing = 0;
		};
		FCE4FAAE1ACBA30800F5A955 /* Sources */ = {
			isa = PBXSourcesBuildPhase;
			buildActionMask = 2147483647;
			files = (
				FCE4FAB91ACBA30800F5A955 /* MemeMeTests.swift in Sources */,
			);
			runOnlyForDeploymentPostprocessing = 0;
		};
/* End PBXSourcesBuildPhase section */

/* Begin PBXTargetDependency section */
		FCE4FAB41ACBA30800F5A955 /* PBXTargetDependency */ = {
			isa = PBXTargetDependency;
			target = FCE4FA9C1ACBA30700F5A955 /* MemeMe */;
			targetProxy = FCE4FAB31ACBA30800F5A955 /* PBXContainerItemProxy */;
		};
/* End PBXTargetDependency section */

/* Begin PBXVariantGroup section */
		FCE4FAA61ACBA30700F5A955 /* Main.storyboard */ = {
			isa = PBXVariantGroup;
			children = (
				FCE4FAA71ACBA30700F5A955 /* Base */,
			);
			name = Main.storyboard;
			sourceTree = "<group>";
		};
		FCE4FAAB1ACBA30800F5A955 /* LaunchScreen.xib */ = {
			isa = PBXVariantGroup;
			children = (
				FCE4FAAC1ACBA30800F5A955 /* Base */,
			);
			name = LaunchScreen.xib;
			sourceTree = "<group>";
		};
/* End PBXVariantGroup section */

/* Begin XCBuildConfiguration section */
		FCE4FABA1ACBA30800F5A955 /* Debug */ = {
			isa = XCBuildConfiguration;
			buildSettings = {
				ALWAYS_SEARCH_USER_PATHS = NO;
				CLANG_CXX_LANGUAGE_STANDARD = "gnu++0x";
				CLANG_CXX_LIBRARY = "libc++";
				CLANG_ENABLE_MODULES = YES;
				CLANG_ENABLE_OBJC_ARC = YES;
				CLANG_WARN_BLOCK_CAPTURE_AUTORELEASING = YES;
				CLANG_WARN_BOOL_CONVERSION = YES;
				CLANG_WARN_COMMA = YES;
				CLANG_WARN_CONSTANT_CONVERSION = YES;
				CLANG_WARN_DEPRECATED_OBJC_IMPLEMENTATIONS = YES;
				CLANG_WARN_DIRECT_OBJC_ISA_USAGE = YES_ERROR;
				CLANG_WARN_EMPTY_BODY = YES;
				CLANG_WARN_ENUM_CONVERSION = YES;
				CLANG_WARN_INFINITE_RECURSION = YES;
				CLANG_WARN_INT_CONVERSION = YES;
				CLANG_WARN_NON_LITERAL_NULL_CONVERSION = YES;
				CLANG_WARN_OBJC_IMPLICIT_RETAIN_SELF = YES;
				CLANG_WARN_OBJC_LITERAL_CONVERSION = YES;
				CLANG_WARN_OBJC_ROOT_CLASS = YES_ERROR;
				CLANG_WARN_RANGE_LOOP_ANALYSIS = YES;
				CLANG_WARN_STRICT_PROTOTYPES = YES;
				CLANG_WARN_SUSPICIOUS_MOVE = YES;
				CLANG_WARN_UNREACHABLE_CODE = YES;
				CLANG_WARN__DUPLICATE_METHOD_MATCH = YES;
				CODE_SIGN_IDENTITY = "iPhone Developer";
				"CODE_SIGN_IDENTITY[sdk=iphoneos*]" = "iPhone Developer";
				COPY_PHASE_STRIP = NO;
				ENABLE_STRICT_OBJC_MSGSEND = YES;
				ENABLE_TESTABILITY = YES;
				GCC_C_LANGUAGE_STANDARD = gnu99;
				GCC_DYNAMIC_NO_PIC = NO;
				GCC_NO_COMMON_BLOCKS = YES;
				GCC_OPTIMIZATION_LEVEL = 0;
				GCC_PREPROCESSOR_DEFINITIONS = (
					"DEBUG=1",
					"$(inherited)",
				);
				GCC_SYMBOLS_PRIVATE_EXTERN = NO;
				GCC_WARN_64_TO_32_BIT_CONVERSION = YES;
				GCC_WARN_ABOUT_RETURN_TYPE = YES_ERROR;
				GCC_WARN_UNDECLARED_SELECTOR = YES;
				GCC_WARN_UNINITIALIZED_AUTOS = YES_AGGRESSIVE;
				GCC_WARN_UNUSED_FUNCTION = YES;
				GCC_WARN_UNUSED_VARIABLE = YES;
				IPHONEOS_DEPLOYMENT_TARGET = 11.0;
				MTL_ENABLE_DEBUG_INFO = YES;
				"MTL_ENABLE_DEBUG_INFO[sdk=iphonesimulator*]" = NO;
				ONLY_ACTIVE_ARCH = YES;
				SDKROOT = iphoneos;
				SWIFT_OPTIMIZATION_LEVEL = "-Onone";
				SWIFT_SWIFT3_OBJC_INFERENCE = Off;
				SWIFT_VERSION = 4.0;
			};
			name = Debug;
		};
		FCE4FABB1ACBA30800F5A955 /* Release */ = {
			isa = XCBuildConfiguration;
			buildSettings = {
				ALWAYS_SEARCH_USER_PATHS = NO;
				CLANG_CXX_LANGUAGE_STANDARD = "gnu++0x";
				CLANG_CXX_LIBRARY = "libc++";
				CLANG_ENABLE_MODULES = YES;
				CLANG_ENABLE_OBJC_ARC = YES;
				CLANG_WARN_BLOCK_CAPTURE_AUTORELEASING = YES;
				CLANG_WARN_BOOL_CONVERSION = YES;
				CLANG_WARN_COMMA = YES;
				CLANG_WARN_CONSTANT_CONVERSION = YES;
				CLANG_WARN_DEPRECATED_OBJC_IMPLEMENTATIONS = YES;
				CLANG_WARN_DIRECT_OBJC_ISA_USAGE = YES_ERROR;
				CLANG_WARN_EMPTY_BODY = YES;
				CLANG_WARN_ENUM_CONVERSION = YES;
				CLANG_WARN_INFINITE_RECURSION = YES;
				CLANG_WARN_INT_CONVERSION = YES;
				CLANG_WARN_NON_LITERAL_NULL_CONVERSION = YES;
				CLANG_WARN_OBJC_IMPLICIT_RETAIN_SELF = YES;
				CLANG_WARN_OBJC_LITERAL_CONVERSION = YES;
				CLANG_WARN_OBJC_ROOT_CLASS = YES_ERROR;
				CLANG_WARN_RANGE_LOOP_ANALYSIS = YES;
				CLANG_WARN_STRICT_PROTOTYPES = YES;
				CLANG_WARN_SUSPICIOUS_MOVE = YES;
				CLANG_WARN_UNREACHABLE_CODE = YES;
				CLANG_WARN__DUPLICATE_METHOD_MATCH = YES;
				CODE_SIGN_IDENTITY = "iPhone Developer";
				"CODE_SIGN_IDENTITY[sdk=iphoneos*]" = "iPhone Developer";
				COPY_PHASE_STRIP = NO;
				ENABLE_NS_ASSERTIONS = NO;
				ENABLE_STRICT_OBJC_MSGSEND = YES;
				GCC_C_LANGUAGE_STANDARD = gnu99;
				GCC_NO_COMMON_BLOCKS = YES;
				GCC_WARN_64_TO_32_BIT_CONVERSION = YES;
				GCC_WARN_ABOUT_RETURN_TYPE = YES_ERROR;
				GCC_WARN_UNDECLARED_SELECTOR = YES;
				GCC_WARN_UNINITIALIZED_AUTOS = YES_AGGRESSIVE;
				GCC_WARN_UNUSED_FUNCTION = YES;
				GCC_WARN_UNUSED_VARIABLE = YES;
				IPHONEOS_DEPLOYMENT_TARGET = 11.0;
				MTL_ENABLE_DEBUG_INFO = NO;
				ONLY_ACTIVE_ARCH = YES;
				SDKROOT = iphoneos;
				SWIFT_OPTIMIZATION_LEVEL = "-Owholemodule";
				SWIFT_SWIFT3_OBJC_INFERENCE = Off;
				SWIFT_VERSION = 4.0;
				VALIDATE_PRODUCT = YES;
			};
			name = Release;
		};
		FCE4FABD1ACBA30800F5A955 /* Debug */ = {
			isa = XCBuildConfiguration;
			buildSettings = {
				ASSETCATALOG_COMPILER_APPICON_NAME = AppIcon;
				CODE_SIGN_IDENTITY = "iPhone Developer";
				"CODE_SIGN_IDENTITY[sdk=iphoneos*]" = "iPhone Developer";
				INFOPLIST_FILE = MemeMe/Info.plist;
				LD_RUNPATH_SEARCH_PATHS = "$(inherited) @executable_path/Frameworks";
				PRODUCT_BUNDLE_IDENTIFIER = "com.David-Mulvihill.$(PRODUCT_NAME:rfc1034identifier)";
				PRODUCT_NAME = "$(TARGET_NAME)";
				PROVISIONING_PROFILE = "";
				SWIFT_SWIFT3_OBJC_INFERENCE = Off;
				SWIFT_VERSION = 4.0;
			};
			name = Debug;
		};
		FCE4FABE1ACBA30800F5A955 /* Release */ = {
			isa = XCBuildConfiguration;
			buildSettings = {
				ASSETCATALOG_COMPILER_APPICON_NAME = AppIcon;
				CODE_SIGN_IDENTITY = "iPhone Developer";
				"CODE_SIGN_IDENTITY[sdk=iphoneos*]" = "iPhone Developer";
				INFOPLIST_FILE = MemeMe/Info.plist;
				LD_RUNPATH_SEARCH_PATHS = "$(inherited) @executable_path/Frameworks";
				PRODUCT_BUNDLE_IDENTIFIER = "com.David-Mulvihill.$(PRODUCT_NAME:rfc1034identifier)";
				PRODUCT_NAME = "$(TARGET_NAME)";
				PROVISIONING_PROFILE = "";
				SWIFT_SWIFT3_OBJC_INFERENCE = Off;
				SWIFT_VERSION = 4.0;
			};
			name = Release;
		};
		FCE4FAC01ACBA30800F5A955 /* Debug */ = {
			isa = XCBuildConfiguration;
			buildSettings = {
				BUNDLE_LOADER = "$(TEST_HOST)";
				FRAMEWORK_SEARCH_PATHS = (
					"$(SDKROOT)/Developer/Library/Frameworks",
					"$(inherited)",
				);
				GCC_PREPROCESSOR_DEFINITIONS = (
					"DEBUG=1",
					"$(inherited)",
				);
				INFOPLIST_FILE = MemeMeTests/Info.plist;
				LD_RUNPATH_SEARCH_PATHS = "$(inherited) @executable_path/Frameworks @loader_path/Frameworks";
				PRODUCT_BUNDLE_IDENTIFIER = "com.David-Mulvihill.$(PRODUCT_NAME:rfc1034identifier)";
				PRODUCT_NAME = "$(TARGET_NAME)";
				SWIFT_SWIFT3_OBJC_INFERENCE = Off;
				SWIFT_VERSION = 4.0;
				TEST_HOST = "$(BUILT_PRODUCTS_DIR)/MemeMe.app/MemeMe";
			};
			name = Debug;
		};
		FCE4FAC11ACBA30800F5A955 /* Release */ = {
			isa = XCBuildConfiguration;
			buildSettings = {
				BUNDLE_LOADER = "$(TEST_HOST)";
				FRAMEWORK_SEARCH_PATHS = (
					"$(SDKROOT)/Developer/Library/Frameworks",
					"$(inherited)",
				);
				INFOPLIST_FILE = MemeMeTests/Info.plist;
				LD_RUNPATH_SEARCH_PATHS = "$(inherited) @executable_path/Frameworks @loader_path/Frameworks";
				PRODUCT_BUNDLE_IDENTIFIER = "com.David-Mulvihill.$(PRODUCT_NAME:rfc1034identifier)";
				PRODUCT_NAME = "$(TARGET_NAME)";
				SWIFT_SWIFT3_OBJC_INFERENCE = Off;
				SWIFT_VERSION = 4.0;
				TEST_HOST = "$(BUILT_PRODUCTS_DIR)/MemeMe.app/MemeMe";
			};
			name = Release;
		};
/* End XCBuildConfiguration section */

/* Begin XCConfigurationList section */
		FCE4FA981ACBA30700F5A955 /* Build configuration list for PBXProject "MemeMe" */ = {
			isa = XCConfigurationList;
			buildConfigurations = (
				FCE4FABA1ACBA30800F5A955 /* Debug */,
				FCE4FABB1ACBA30800F5A955 /* Release */,
			);
			defaultConfigurationIsVisible = 0;
			defaultConfigurationName = Release;
		};
		FCE4FABC1ACBA30800F5A955 /* Build configuration list for PBXNativeTarget "MemeMe" */ = {
			isa = XCConfigurationList;
			buildConfigurations = (
				FCE4FABD1ACBA30800F5A955 /* Debug */,
				FCE4FABE1ACBA30800F5A955 /* Release */,
			);
			defaultConfigurationIsVisible = 0;
			defaultConfigurationName = Release;
		};
		FCE4FABF1ACBA30800F5A955 /* Build configuration list for PBXNativeTarget "MemeMeTests" */ = {
			isa = XCConfigurationList;
			buildConfigurations = (
				FCE4FAC01ACBA30800F5A955 /* Debug */,
				FCE4FAC11ACBA30800F5A955 /* Release */,
			);
			defaultConfigurationIsVisible = 0;
			defaultConfigurationName = Release;
		};
/* End XCConfigurationList section */
	};
	rootObject = FCE4FA951ACBA30700F5A955 /* Project object */;
}
